
Microsoft Visual Studio Solution File, Format Version 12.00
# Visual Studio Version 16
VisualStudioVersion = 16.0.32002.261
MinimumVisualStudioVersion = 10.0.40219.1
Project("{FAE04EC0-301F-11D3-BF4B-00C04F79EFBC}") = "API", "API\API.csproj", "{A6F8E274-BE0E-4A93-A1AE-5568531A9D8B}"
EndProject
Project("{FAE04EC0-301F-11D3-BF4B-00C04F79EFBC}") = "APITest", "APITest\APITest.csproj", "{B2D0C151-8353-48CE-8623-BD7640D189EF}"
EndProject
Global
	GlobalSection(SolutionConfigurationPlatforms) = preSolution
		Debug|Any CPU = Debug|Any CPU
		Release|Any CPU = Release|Any CPU
	EndGlobalSection
	GlobalSection(ProjectConfigurationPlatforms) = postSolution
		{A6F8E274-BE0E-4A93-A1AE-5568531A9D8B}.Debug|Any CPU.ActiveCfg = Debug|Any CPU
		{A6F8E274-BE0E-4A93-A1AE-5568531A9D8B}.Debug|Any CPU.Build.0 = Debug|Any CPU
		{A6F8E274-BE0E-4A93-A1AE-5568531A9D8B}.Release|Any CPU.ActiveCfg = Release|Any CPU
		{A6F8E274-BE0E-4A93-A1AE-5568531A9D8B}.Release|Any CPU.Build.0 = Release|Any CPU
		{B2D0C151-8353-48CE-8623-BD7640D189EF}.Debug|Any CPU.ActiveCfg = Debug|Any CPU
		{B2D0C151-8353-48CE-8623-BD7640D189EF}.Debug|Any CPU.Build.0 = Debug|Any CPU
		{B2D0C151-8353-48CE-8623-BD7640D189EF}.Release|Any CPU.ActiveCfg = Release|Any CPU
		{B2D0C151-8353-48CE-8623-BD7640D189EF}.Release|Any CPU.Build.0 = Release|Any CPU
	EndGlobalSection
	GlobalSection(SolutionProperties) = preSolution
		HideSolutionNode = FALSE
	EndGlobalSection
	GlobalSection(ExtensibilityGlobals) = postSolution
		SolutionGuid = {B495FB11-D532-4E3C-A0B8-FCC74AB61C97}
	EndGlobalSection
EndGlobal
